// !$*UTF8*$!
{
	archiveVersion = 1;
	classes = {
	};
	objectVersion = 56;
	objects = {

/* Begin PBXBuildFile section */
		1B04BEB22BC5B47100E1EE79 /* EvenBetterApp.swift in Sources */ = {isa = PBXBuildFile; fileRef = 1B04BEB12BC5B47100E1EE79 /* EvenBetterApp.swift */; };
		1B04BEB42BC5B47100E1EE79 /* HeaderView.swift in Sources */ = {isa = PBXBuildFile; fileRef = 1B04BEB32BC5B47100E1EE79 /* HeaderView.swift */; };
		1B04BEB62BC5B47300E1EE79 /* Assets.xcassets in Resources */ = {isa = PBXBuildFile; fileRef = 1B04BEB52BC5B47300E1EE79 /* Assets.xcassets */; };
		1B04BEB92BC5B47300E1EE79 /* Preview Assets.xcassets in Resources */ = {isa = PBXBuildFile; fileRef = 1B04BEB82BC5B47300E1EE79 /* Preview Assets.xcassets */; };
		1B387EB82BC9BED00094A434 /* AddTaskButton.swift in Sources */ = {isa = PBXBuildFile; fileRef = 1B387EAF2BC9BED00094A434 /* AddTaskButton.swift */; };
		1B387EB92BC9BED00094A434 /* TaskRow.swift in Sources */ = {isa = PBXBuildFile; fileRef = 1B387EB02BC9BED00094A434 /* TaskRow.swift */; };
		1B387EBA2BC9BED00094A434 /* TaskModel.swift in Sources */ = {isa = PBXBuildFile; fileRef = 1B387EB22BC9BED00094A434 /* TaskModel.swift */; };
		1B387EBC2BC9BED00094A434 /* ContentView.swift in Sources */ = {isa = PBXBuildFile; fileRef = 1B387EB52BC9BED00094A434 /* ContentView.swift */; };
		1B387EBD2BC9BED00094A434 /* TaskView.swift in Sources */ = {isa = PBXBuildFile; fileRef = 1B387EB62BC9BED00094A434 /* TaskView.swift */; };
		1B387ECC2BC9C4C60094A434 /* ages-ago.mp3 in Resources */ = {isa = PBXBuildFile; fileRef = 1B387EBE2BC9C4C60094A434 /* ages-ago.mp3 */; };
		1B387ECD2BC9C4C60094A434 /* AudioManager.swift in Sources */ = {isa = PBXBuildFile; fileRef = 1B387EBF2BC9C4C60094A434 /* AudioManager.swift */; };
		1B387ECE2BC9C4C60094A434 /* MeditationOO.swift in Sources */ = {isa = PBXBuildFile; fileRef = 1B387EC02BC9C4C60094A434 /* MeditationOO.swift */; };
		1B387ED02BC9C4C60094A434 /* MeditationList.swift in Sources */ = {isa = PBXBuildFile; fileRef = 1B387EC32BC9C4C60094A434 /* MeditationList.swift */; };
		1B387ED12BC9C4C60094A434 /* MeditationView.swift in Sources */ = {isa = PBXBuildFile; fileRef = 1B387EC42BC9C4C60094A434 /* MeditationView.swift */; };
		1B387ED42BC9C4C60094A434 /* PlaybackControlButton.swift in Sources */ = {isa = PBXBuildFile; fileRef = 1B387EC72BC9C4C60094A434 /* PlaybackControlButton.swift */; };
		1B387ED52BC9C4C60094A434 /* PlayerView.swift in Sources */ = {isa = PBXBuildFile; fileRef = 1B387EC82BC9C4C60094A434 /* PlayerView.swift */; };
		1B387EDF2BCA36BA0094A434 /* ColorExtensions.swift in Sources */ = {isa = PBXBuildFile; fileRef = 1B387EDE2BCA36BA0094A434 /* ColorExtensions.swift */; };
		1B5759202BCF3AA100423F15 /* MeditationCard.swift in Sources */ = {isa = PBXBuildFile; fileRef = 1B57591F2BCF3AA100423F15 /* MeditationCard.swift */; };
		1B57592E2BD1A0A200423F15 /* MoodView.swift in Sources */ = {isa = PBXBuildFile; fileRef = 1B57592D2BD1A0A200423F15 /* MoodView.swift */; };
		1B5759322BD1A29E00423F15 /* MoodCard.swift in Sources */ = {isa = PBXBuildFile; fileRef = 1B5759312BD1A29E00423F15 /* MoodCard.swift */; };
		1B5759342BD1A30000423F15 /* Mood.swift in Sources */ = {isa = PBXBuildFile; fileRef = 1B5759332BD1A30000423F15 /* Mood.swift */; };
		1B5759372BD1BC6200423F15 /* MoodOO.swift in Sources */ = {isa = PBXBuildFile; fileRef = 1B5759362BD1BC6200423F15 /* MoodOO.swift */; };
		1BF2406E2BCC09BA00467AAA /* TaskDetailView.swift in Sources */ = {isa = PBXBuildFile; fileRef = 1BF2406D2BCC09BA00467AAA /* TaskDetailView.swift */; };
		1BF240922BCC8B2200467AAA /* SampleData.swift in Sources */ = {isa = PBXBuildFile; fileRef = 1BF240912BCC8B2200467AAA /* SampleData.swift */; };
		1BF2409A2BCD5AAC00467AAA /* MeditationDO.swift in Sources */ = {isa = PBXBuildFile; fileRef = 1BF240992BCD5AAC00467AAA /* MeditationDO.swift */; };
/* End PBXBuildFile section */

/* Begin PBXFileReference section */
		1B04BEAE2BC5B47100E1EE79 /* EvenBetter.app */ = {isa = PBXFileReference; explicitFileType = wrapper.application; includeInIndex = 0; path = EvenBetter.app; sourceTree = BUILT_PRODUCTS_DIR; };
		1B04BEB12BC5B47100E1EE79 /* EvenBetterApp.swift */ = {isa = PBXFileReference; lastKnownFileType = sourcecode.swift; path = EvenBetterApp.swift; sourceTree = "<group>"; };
		1B04BEB32BC5B47100E1EE79 /* HeaderView.swift */ = {isa = PBXFileReference; lastKnownFileType = sourcecode.swift; path = HeaderView.swift; sourceTree = "<group>"; };
		1B04BEB52BC5B47300E1EE79 /* Assets.xcassets */ = {isa = PBXFileReference; lastKnownFileType = folder.assetcatalog; path = Assets.xcassets; sourceTree = "<group>"; };
		1B04BEB82BC5B47300E1EE79 /* Preview Assets.xcassets */ = {isa = PBXFileReference; lastKnownFileType = folder.assetcatalog; path = "Preview Assets.xcassets"; sourceTree = "<group>"; };
		1B387EAF2BC9BED00094A434 /* AddTaskButton.swift */ = {isa = PBXFileReference; fileEncoding = 4; lastKnownFileType = sourcecode.swift; path = AddTaskButton.swift; sourceTree = "<group>"; };
		1B387EB02BC9BED00094A434 /* TaskRow.swift */ = {isa = PBXFileReference; fileEncoding = 4; lastKnownFileType = sourcecode.swift; path = TaskRow.swift; sourceTree = "<group>"; };
		1B387EB22BC9BED00094A434 /* TaskModel.swift */ = {isa = PBXFileReference; fileEncoding = 4; lastKnownFileType = sourcecode.swift; path = TaskModel.swift; sourceTree = "<group>"; };
		1B387EB52BC9BED00094A434 /* ContentView.swift */ = {isa = PBXFileReference; fileEncoding = 4; lastKnownFileType = sourcecode.swift; path = ContentView.swift; sourceTree = "<group>"; };
		1B387EB62BC9BED00094A434 /* TaskView.swift */ = {isa = PBXFileReference; fileEncoding = 4; lastKnownFileType = sourcecode.swift; path = TaskView.swift; sourceTree = "<group>"; };
		1B387EBE2BC9C4C60094A434 /* ages-ago.mp3 */ = {isa = PBXFileReference; lastKnownFileType = audio.mp3; path = "ages-ago.mp3"; sourceTree = "<group>"; };
		1B387EBF2BC9C4C60094A434 /* AudioManager.swift */ = {isa = PBXFileReference; fileEncoding = 4; lastKnownFileType = sourcecode.swift; path = AudioManager.swift; sourceTree = "<group>"; };
		1B387EC02BC9C4C60094A434 /* MeditationOO.swift */ = {isa = PBXFileReference; fileEncoding = 4; lastKnownFileType = sourcecode.swift; path = MeditationOO.swift; sourceTree = "<group>"; };
		1B387EC32BC9C4C60094A434 /* MeditationList.swift */ = {isa = PBXFileReference; fileEncoding = 4; lastKnownFileType = sourcecode.swift; path = MeditationList.swift; sourceTree = "<group>"; };
		1B387EC42BC9C4C60094A434 /* MeditationView.swift */ = {isa = PBXFileReference; fileEncoding = 4; lastKnownFileType = sourcecode.swift; path = MeditationView.swift; sourceTree = "<group>"; };
		1B387EC72BC9C4C60094A434 /* PlaybackControlButton.swift */ = {isa = PBXFileReference; fileEncoding = 4; lastKnownFileType = sourcecode.swift; path = PlaybackControlButton.swift; sourceTree = "<group>"; };
		1B387EC82BC9C4C60094A434 /* PlayerView.swift */ = {isa = PBXFileReference; fileEncoding = 4; lastKnownFileType = sourcecode.swift; path = PlayerView.swift; sourceTree = "<group>"; };
		1B387EDE2BCA36BA0094A434 /* ColorExtensions.swift */ = {isa = PBXFileReference; lastKnownFileType = sourcecode.swift; path = ColorExtensions.swift; sourceTree = "<group>"; };
		1B57591F2BCF3AA100423F15 /* MeditationCard.swift */ = {isa = PBXFileReference; lastKnownFileType = sourcecode.swift; path = MeditationCard.swift; sourceTree = "<group>"; };
		1B57592D2BD1A0A200423F15 /* MoodView.swift */ = {isa = PBXFileReference; lastKnownFileType = sourcecode.swift; path = MoodView.swift; sourceTree = "<group>"; };
		1B5759312BD1A29E00423F15 /* MoodCard.swift */ = {isa = PBXFileReference; lastKnownFileType = sourcecode.swift; path = MoodCard.swift; sourceTree = "<group>"; };
		1B5759332BD1A30000423F15 /* Mood.swift */ = {isa = PBXFileReference; lastKnownFileType = sourcecode.swift; path = Mood.swift; sourceTree = "<group>"; };
		1B5759362BD1BC6200423F15 /* MoodOO.swift */ = {isa = PBXFileReference; lastKnownFileType = sourcecode.swift; path = MoodOO.swift; sourceTree = "<group>"; };
		1BF2406D2BCC09BA00467AAA /* TaskDetailView.swift */ = {isa = PBXFileReference; lastKnownFileType = sourcecode.swift; path = TaskDetailView.swift; sourceTree = "<group>"; };
		1BF240912BCC8B2200467AAA /* SampleData.swift */ = {isa = PBXFileReference; lastKnownFileType = sourcecode.swift; path = SampleData.swift; sourceTree = "<group>"; };
		1BF240992BCD5AAC00467AAA /* MeditationDO.swift */ = {isa = PBXFileReference; lastKnownFileType = sourcecode.swift; path = MeditationDO.swift; sourceTree = "<group>"; };
/* End PBXFileReference section */

/* Begin PBXFrameworksBuildPhase section */
		1B04BEAB2BC5B47100E1EE79 /* Frameworks */ = {
			isa = PBXFrameworksBuildPhase;
			buildActionMask = 2147483647;
			files = (
			);
			runOnlyForDeploymentPostprocessing = 0;
		};
/* End PBXFrameworksBuildPhase section */

/* Begin PBXGroup section */
		1B04BEA52BC5B47100E1EE79 = {
			isa = PBXGroup;
			children = (
				1B04BEB02BC5B47100E1EE79 /* EvenBetter */,
				1B04BEAF2BC5B47100E1EE79 /* Products */,
			);
			sourceTree = "<group>";
		};
		1B04BEAF2BC5B47100E1EE79 /* Products */ = {
			isa = PBXGroup;
			children = (
				1B04BEAE2BC5B47100E1EE79 /* EvenBetter.app */,
			);
			name = Products;
			sourceTree = "<group>";
		};
		1B04BEB02BC5B47100E1EE79 /* EvenBetter */ = {
			isa = PBXGroup;
			children = (
				1B04BEB12BC5B47100E1EE79 /* EvenBetterApp.swift */,
				1B387EB52BC9BED00094A434 /* ContentView.swift */,
				1B57592C2BD1A06F00423F15 /* EvenBetter */,
				1B387EDA2BC9C6CF0094A434 /* Serenity */,
				1B387EDC2BC9CDE20094A434 /* Task */,
				1BF2409B2BCD6E4700467AAA /* Protocols */,
				1B387EDD2BCA36A20094A434 /* Extensions */,
				1B387EB12BC9BED00094A434 /* Componets */,
				1B04BEB52BC5B47300E1EE79 /* Assets.xcassets */,
				1B387EBE2BC9C4C60094A434 /* ages-ago.mp3 */,
				1B04BEB72BC5B47300E1EE79 /* Preview Content */,
			);
			path = EvenBetter;
			sourceTree = "<group>";
		};
		1B04BEB72BC5B47300E1EE79 /* Preview Content */ = {
			isa = PBXGroup;
			children = (
				1B04BEB82BC5B47300E1EE79 /* Preview Assets.xcassets */,
			);
			path = "Preview Content";
			sourceTree = "<group>";
		};
		1B387EB12BC9BED00094A434 /* Componets */ = {
			isa = PBXGroup;
			children = (
				1B04BEB32BC5B47100E1EE79 /* HeaderView.swift */,
			);
			path = Componets;
			sourceTree = "<group>";
		};
		1B387EDA2BC9C6CF0094A434 /* Serenity */ = {
			isa = PBXGroup;
			children = (
				1BF240932BCC97E800467AAA /* Models */,
				1BF240942BCC97F600467AAA /* Views */,
				1BF240952BCC980F00467AAA /* Components */,
			);
			path = Serenity;
			sourceTree = "<group>";
		};
		1B387EDC2BC9CDE20094A434 /* Task */ = {
			isa = PBXGroup;
			children = (
				1BF240962BCC982A00467AAA /* Models */,
				1BF240972BCC983900467AAA /* Views */,
				1BF240982BCC985A00467AAA /* Components */,
			);
			path = Task;
			sourceTree = "<group>";
		};
		1B387EDD2BCA36A20094A434 /* Extensions */ = {
			isa = PBXGroup;
			children = (
				1B387EDE2BCA36BA0094A434 /* ColorExtensions.swift */,
			);
			path = Extensions;
			sourceTree = "<group>";
		};
		1B57592C2BD1A06F00423F15 /* EvenBetter */ = {
			isa = PBXGroup;
			children = (
				1B5759352BD1BBE900423F15 /* Models */,
				1B5759302BD1A29100423F15 /* Components */,
				1B57592F2BD1A23400423F15 /* Views */,
			);
			path = EvenBetter;
			sourceTree = "<group>";
		};
		1B57592F2BD1A23400423F15 /* Views */ = {
			isa = PBXGroup;
			children = (
				1B57592D2BD1A0A200423F15 /* MoodView.swift */,
			);
			path = Views;
			sourceTree = "<group>";
		};
		1B5759302BD1A29100423F15 /* Components */ = {
			isa = PBXGroup;
			children = (
				1B5759312BD1A29E00423F15 /* MoodCard.swift */,
			);
			path = Components;
			sourceTree = "<group>";
		};
		1B5759352BD1BBE900423F15 /* Models */ = {
			isa = PBXGroup;
			children = (
				1B5759332BD1A30000423F15 /* Mood.swift */,
				1B5759362BD1BC6200423F15 /* MoodOO.swift */,
			);
			path = Models;
			sourceTree = "<group>";
		};
		1BF240932BCC97E800467AAA /* Models */ = {
			isa = PBXGroup;
			children = (
				1B387EBF2BC9C4C60094A434 /* AudioManager.swift */,
				1B387EC02BC9C4C60094A434 /* MeditationOO.swift */,
				1BF240992BCD5AAC00467AAA /* MeditationDO.swift */,
			);
			path = Models;
			sourceTree = "<group>";
		};
		1BF240942BCC97F600467AAA /* Views */ = {
			isa = PBXGroup;
			children = (
				1B387EC32BC9C4C60094A434 /* MeditationList.swift */,
				1B387EC42BC9C4C60094A434 /* MeditationView.swift */,
				1B387EC82BC9C4C60094A434 /* PlayerView.swift */,
			);
			path = Views;
			sourceTree = "<group>";
		};
		1BF240952BCC980F00467AAA /* Components */ = {
			isa = PBXGroup;
			children = (
				1B387EC72BC9C4C60094A434 /* PlaybackControlButton.swift */,
				1B57591F2BCF3AA100423F15 /* MeditationCard.swift */,
			);
			path = Components;
			sourceTree = "<group>";
		};
		1BF240962BCC982A00467AAA /* Models */ = {
			isa = PBXGroup;
			children = (
				1B387EB22BC9BED00094A434 /* TaskModel.swift */,
				1BF240912BCC8B2200467AAA /* SampleData.swift */,
			);
			path = Models;
			sourceTree = "<group>";
		};
		1BF240972BCC983900467AAA /* Views */ = {
			isa = PBXGroup;
			children = (
				1B387EB62BC9BED00094A434 /* TaskView.swift */,
				1BF2406D2BCC09BA00467AAA /* TaskDetailView.swift */,
			);
			path = Views;
			sourceTree = "<group>";
		};
		1BF240982BCC985A00467AAA /* Components */ = {
			isa = PBXGroup;
			children = (
				1B387EAF2BC9BED00094A434 /* AddTaskButton.swift */,
				1B387EB02BC9BED00094A434 /* TaskRow.swift */,
			);
			path = Components;
			sourceTree = "<group>";
		};
		1BF2409B2BCD6E4700467AAA /* Protocols */ = {
			isa = PBXGroup;
			children = (
			);
			path = Protocols;
			sourceTree = "<group>";
		};
/* End PBXGroup section */

/* Begin PBXNativeTarget section */
		1B04BEAD2BC5B47100E1EE79 /* EvenBetter */ = {
			isa = PBXNativeTarget;
			buildConfigurationList = 1B04BEBC2BC5B47300E1EE79 /* Build configuration list for PBXNativeTarget "EvenBetter" */;
			buildPhases = (
				1B04BEAA2BC5B47100E1EE79 /* Sources */,
				1B04BEAB2BC5B47100E1EE79 /* Frameworks */,
				1B04BEAC2BC5B47100E1EE79 /* Resources */,
			);
			buildRules = (
			);
			dependencies = (
			);
			name = EvenBetter;
			productName = EvenBetter;
			productReference = 1B04BEAE2BC5B47100E1EE79 /* EvenBetter.app */;
			productType = "com.apple.product-type.application";
		};
/* End PBXNativeTarget section */

/* Begin PBXProject section */
		1B04BEA62BC5B47100E1EE79 /* Project object */ = {
			isa = PBXProject;
			attributes = {
				BuildIndependentTargetsInParallel = 1;
				LastSwiftUpdateCheck = 1530;
				LastUpgradeCheck = 1530;
				TargetAttributes = {
					1B04BEAD2BC5B47100E1EE79 = {
						CreatedOnToolsVersion = 15.3;
					};
				};
			};
			buildConfigurationList = 1B04BEA92BC5B47100E1EE79 /* Build configuration list for PBXProject "EvenBetter" */;
			compatibilityVersion = "Xcode 14.0";
			developmentRegion = en;
			hasScannedForEncodings = 0;
			knownRegions = (
				en,
				Base,
			);
			mainGroup = 1B04BEA52BC5B47100E1EE79;
			productRefGroup = 1B04BEAF2BC5B47100E1EE79 /* Products */;
			projectDirPath = "";
			projectRoot = "";
			targets = (
				1B04BEAD2BC5B47100E1EE79 /* EvenBetter */,
			);
		};
/* End PBXProject section */

/* Begin PBXResourcesBuildPhase section */
		1B04BEAC2BC5B47100E1EE79 /* Resources */ = {
			isa = PBXResourcesBuildPhase;
			buildActionMask = 2147483647;
			files = (
				1B04BEB92BC5B47300E1EE79 /* Preview Assets.xcassets in Resources */,
				1B04BEB62BC5B47300E1EE79 /* Assets.xcassets in Resources */,
				1B387ECC2BC9C4C60094A434 /* ages-ago.mp3 in Resources */,
			);
			runOnlyForDeploymentPostprocessing = 0;
		};
/* End PBXResourcesBuildPhase section */

/* Begin PBXSourcesBuildPhase section */
		1B04BEAA2BC5B47100E1EE79 /* Sources */ = {
			isa = PBXSourcesBuildPhase;
			buildActionMask = 2147483647;
			files = (
				1B04BEB42BC5B47100E1EE79 /* HeaderView.swift in Sources */,
				1B04BEB22BC5B47100E1EE79 /* EvenBetterApp.swift in Sources */,
				1BF2406E2BCC09BA00467AAA /* TaskDetailView.swift in Sources */,
				1B387ED52BC9C4C60094A434 /* PlayerView.swift in Sources */,
				1B387EBC2BC9BED00094A434 /* ContentView.swift in Sources */,
				1BF2409A2BCD5AAC00467AAA /* MeditationDO.swift in Sources */,
				1BF240922BCC8B2200467AAA /* SampleData.swift in Sources */,
				1B387ED02BC9C4C60094A434 /* MeditationList.swift in Sources */,
				1B387ED12BC9C4C60094A434 /* MeditationView.swift in Sources */,
				1B387EBA2BC9BED00094A434 /* TaskModel.swift in Sources */,
				1B5759342BD1A30000423F15 /* Mood.swift in Sources */,
				1B5759322BD1A29E00423F15 /* MoodCard.swift in Sources */,
				1B387EB82BC9BED00094A434 /* AddTaskButton.swift in Sources */,
				1B5759202BCF3AA100423F15 /* MeditationCard.swift in Sources */,
				1B387ECD2BC9C4C60094A434 /* AudioManager.swift in Sources */,
				1B387ED42BC9C4C60094A434 /* PlaybackControlButton.swift in Sources */,
				1B387EB92BC9BED00094A434 /* TaskRow.swift in Sources */,
				1B387EBD2BC9BED00094A434 /* TaskView.swift in Sources */,
				1B5759372BD1BC6200423F15 /* MoodOO.swift in Sources */,
				1B387ECE2BC9C4C60094A434 /* MeditationOO.swift in Sources */,
				1B387EDF2BCA36BA0094A434 /* ColorExtensions.swift in Sources */,
				1B57592E2BD1A0A200423F15 /* MoodView.swift in Sources */,
			);
			runOnlyForDeploymentPostprocessing = 0;
		};
/* End PBXSourcesBuildPhase section */

/* Begin XCBuildConfiguration section */
		1B04BEBA2BC5B47300E1EE79 /* Debug */ = {
			isa = XCBuildConfiguration;
			buildSettings = {
				ALWAYS_SEARCH_USER_PATHS = NO;
				ASSETCATALOG_COMPILER_GENERATE_SWIFT_ASSET_SYMBOL_EXTENSIONS = YES;
				CLANG_ANALYZER_NONNULL = YES;
				CLANG_ANALYZER_NUMBER_OBJECT_CONVERSION = YES_AGGRESSIVE;
				CLANG_CXX_LANGUAGE_STANDARD = "gnu++20";
				CLANG_ENABLE_MODULES = YES;
				CLANG_ENABLE_OBJC_ARC = YES;
				CLANG_ENABLE_OBJC_WEAK = YES;
				CLANG_WARN_BLOCK_CAPTURE_AUTORELEASING = YES;
				CLANG_WARN_BOOL_CONVERSION = YES;
				CLANG_WARN_COMMA = YES;
				CLANG_WARN_CONSTANT_CONVERSION = YES;
				CLANG_WARN_DEPRECATED_OBJC_IMPLEMENTATIONS = YES;
				CLANG_WARN_DIRECT_OBJC_ISA_USAGE = YES_ERROR;
				CLANG_WARN_DOCUMENTATION_COMMENTS = YES;
				CLANG_WARN_EMPTY_BODY = YES;
				CLANG_WARN_ENUM_CONVERSION = YES;
				CLANG_WARN_INFINITE_RECURSION = YES;
				CLANG_WARN_INT_CONVERSION = YES;
				CLANG_WARN_NON_LITERAL_NULL_CONVERSION = YES;
				CLANG_WARN_OBJC_IMPLICIT_RETAIN_SELF = YES;
				CLANG_WARN_OBJC_LITERAL_CONVERSION = YES;
				CLANG_WARN_OBJC_ROOT_CLASS = YES_ERROR;
				CLANG_WARN_QUOTED_INCLUDE_IN_FRAMEWORK_HEADER = YES;
				CLANG_WARN_RANGE_LOOP_ANALYSIS = YES;
				CLANG_WARN_STRICT_PROTOTYPES = YES;
				CLANG_WARN_SUSPICIOUS_MOVE = YES;
				CLANG_WARN_UNGUARDED_AVAILABILITY = YES_AGGRESSIVE;
				CLANG_WARN_UNREACHABLE_CODE = YES;
				CLANG_WARN__DUPLICATE_METHOD_MATCH = YES;
				COPY_PHASE_STRIP = NO;
				DEBUG_INFORMATION_FORMAT = dwarf;
				ENABLE_STRICT_OBJC_MSGSEND = YES;
				ENABLE_TESTABILITY = YES;
				ENABLE_USER_SCRIPT_SANDBOXING = YES;
				GCC_C_LANGUAGE_STANDARD = gnu17;
				GCC_DYNAMIC_NO_PIC = NO;
				GCC_NO_COMMON_BLOCKS = YES;
				GCC_OPTIMIZATION_LEVEL = 0;
				GCC_PREPROCESSOR_DEFINITIONS = (
					"DEBUG=1",
					"$(inherited)",
				);
				GCC_WARN_64_TO_32_BIT_CONVERSION = YES;
				GCC_WARN_ABOUT_RETURN_TYPE = YES_ERROR;
				GCC_WARN_UNDECLARED_SELECTOR = YES;
				GCC_WARN_UNINITIALIZED_AUTOS = YES_AGGRESSIVE;
				GCC_WARN_UNUSED_FUNCTION = YES;
				GCC_WARN_UNUSED_VARIABLE = YES;
				IPHONEOS_DEPLOYMENT_TARGET = 17.4;
				LOCALIZATION_PREFERS_STRING_CATALOGS = YES;
				MTL_ENABLE_DEBUG_INFO = INCLUDE_SOURCE;
				MTL_FAST_MATH = YES;
				ONLY_ACTIVE_ARCH = YES;
				SDKROOT = iphoneos;
				SWIFT_ACTIVE_COMPILATION_CONDITIONS = "DEBUG $(inherited)";
				SWIFT_OPTIMIZATION_LEVEL = "-Onone";
			};
			name = Debug;
		};
		1B04BEBB2BC5B47300E1EE79 /* Release */ = {
			isa = XCBuildConfiguration;
			buildSettings = {
				ALWAYS_SEARCH_USER_PATHS = NO;
				ASSETCATALOG_COMPILER_GENERATE_SWIFT_ASSET_SYMBOL_EXTENSIONS = YES;
				CLANG_ANALYZER_NONNULL = YES;
				CLANG_ANALYZER_NUMBER_OBJECT_CONVERSION = YES_AGGRESSIVE;
				CLANG_CXX_LANGUAGE_STANDARD = "gnu++20";
				CLANG_ENABLE_MODULES = YES;
				CLANG_ENABLE_OBJC_ARC = YES;
				CLANG_ENABLE_OBJC_WEAK = YES;
				CLANG_WARN_BLOCK_CAPTURE_AUTORELEASING = YES;
				CLANG_WARN_BOOL_CONVERSION = YES;
				CLANG_WARN_COMMA = YES;
				CLANG_WARN_CONSTANT_CONVERSION = YES;
				CLANG_WARN_DEPRECATED_OBJC_IMPLEMENTATIONS = YES;
				CLANG_WARN_DIRECT_OBJC_ISA_USAGE = YES_ERROR;
				CLANG_WARN_DOCUMENTATION_COMMENTS = YES;
				CLANG_WARN_EMPTY_BODY = YES;
				CLANG_WARN_ENUM_CONVERSION = YES;
				CLANG_WARN_INFINITE_RECURSION = YES;
				CLANG_WARN_INT_CONVERSION = YES;
				CLANG_WARN_NON_LITERAL_NULL_CONVERSION = YES;
				CLANG_WARN_OBJC_IMPLICIT_RETAIN_SELF = YES;
				CLANG_WARN_OBJC_LITERAL_CONVERSION = YES;
				CLANG_WARN_OBJC_ROOT_CLASS = YES_ERROR;
				CLANG_WARN_QUOTED_INCLUDE_IN_FRAMEWORK_HEADER = YES;
				CLANG_WARN_RANGE_LOOP_ANALYSIS = YES;
				CLANG_WARN_STRICT_PROTOTYPES = YES;
				CLANG_WARN_SUSPICIOUS_MOVE = YES;
				CLANG_WARN_UNGUARDED_AVAILABILITY = YES_AGGRESSIVE;
				CLANG_WARN_UNREACHABLE_CODE = YES;
				CLANG_WARN__DUPLICATE_METHOD_MATCH = YES;
				COPY_PHASE_STRIP = NO;
				DEBUG_INFORMATION_FORMAT = "dwarf-with-dsym";
				ENABLE_NS_ASSERTIONS = NO;
				ENABLE_STRICT_OBJC_MSGSEND = YES;
				ENABLE_USER_SCRIPT_SANDBOXING = YES;
				GCC_C_LANGUAGE_STANDARD = gnu17;
				GCC_NO_COMMON_BLOCKS = YES;
				GCC_WARN_64_TO_32_BIT_CONVERSION = YES;
				GCC_WARN_ABOUT_RETURN_TYPE = YES_ERROR;
				GCC_WARN_UNDECLARED_SELECTOR = YES;
				GCC_WARN_UNINITIALIZED_AUTOS = YES_AGGRESSIVE;
				GCC_WARN_UNUSED_FUNCTION = YES;
				GCC_WARN_UNUSED_VARIABLE = YES;
				IPHONEOS_DEPLOYMENT_TARGET = 17.4;
				LOCALIZATION_PREFERS_STRING_CATALOGS = YES;
				MTL_ENABLE_DEBUG_INFO = NO;
				MTL_FAST_MATH = YES;
				SDKROOT = iphoneos;
				SWIFT_COMPILATION_MODE = wholemodule;
				VALIDATE_PRODUCT = YES;
			};
			name = Release;
		};
		1B04BEBD2BC5B47300E1EE79 /* Debug */ = {
			isa = XCBuildConfiguration;
			buildSettings = {
				ASSETCATALOG_COMPILER_APPICON_NAME = AppIcon;
				ASSETCATALOG_COMPILER_GLOBAL_ACCENT_COLOR_NAME = AccentColor;
				CODE_SIGN_STYLE = Automatic;
				CURRENT_PROJECT_VERSION = 1;
				DEVELOPMENT_ASSET_PATHS = "\"EvenBetter/Preview Content\"";
				DEVELOPMENT_TEAM = PGPC7U357H;
				ENABLE_PREVIEWS = YES;
				GENERATE_INFOPLIST_FILE = YES;
				INFOPLIST_KEY_LSApplicationCategoryType = "public.app-category.lifestyle";
				INFOPLIST_KEY_UIApplicationSceneManifest_Generation = YES;
				INFOPLIST_KEY_UIApplicationSupportsIndirectInputEvents = YES;
				INFOPLIST_KEY_UILaunchScreen_Generation = YES;
				INFOPLIST_KEY_UIRequiresFullScreen = NO;
				INFOPLIST_KEY_UIStatusBarStyle = "";
				INFOPLIST_KEY_UISupportedInterfaceOrientations = "UIInterfaceOrientationLandscapeLeft UIInterfaceOrientationLandscapeRight UIInterfaceOrientationPortrait";
				INFOPLIST_KEY_UISupportedInterfaceOrientations_iPad = "UIInterfaceOrientationLandscapeLeft UIInterfaceOrientationLandscapeRight UIInterfaceOrientationPortrait UIInterfaceOrientationPortraitUpsideDown";
				IPHONEOS_DEPLOYMENT_TARGET = 17.4;
				LD_RUNPATH_SEARCH_PATHS = (
					"$(inherited)",
					"@executable_path/Frameworks",
				);
				MARKETING_VERSION = 0.4.1;
				PRODUCT_BUNDLE_IDENTIFIER = br.com.mellobirkan.EvenBetter;
				PRODUCT_NAME = "$(TARGET_NAME)";
				SWIFT_EMIT_LOC_STRINGS = YES;
				SWIFT_VERSION = 5.0;
				TARGETED_DEVICE_FAMILY = "1,2";
			};
			name = Debug;
		};
		1B04BEBE2BC5B47300E1EE79 /* Release */ = {
			isa = XCBuildConfiguration;
			buildSettings = {
				ASSETCATALOG_COMPILER_APPICON_NAME = AppIcon;
				ASSETCATALOG_COMPILER_GLOBAL_ACCENT_COLOR_NAME = AccentColor;
				CODE_SIGN_STYLE = Automatic;
				CURRENT_PROJECT_VERSION = 1;
				DEVELOPMENT_ASSET_PATHS = "\"EvenBetter/Preview Content\"";
				DEVELOPMENT_TEAM = PGPC7U357H;
				ENABLE_PREVIEWS = YES;
				GENERATE_INFOPLIST_FILE = YES;
				INFOPLIST_KEY_LSApplicationCategoryType = "public.app-category.lifestyle";
				INFOPLIST_KEY_UIApplicationSceneManifest_Generation = YES;
				INFOPLIST_KEY_UIApplicationSupportsIndirectInputEvents = YES;
				INFOPLIST_KEY_UILaunchScreen_Generation = YES;
				INFOPLIST_KEY_UIRequiresFullScreen = NO;
				INFOPLIST_KEY_UIStatusBarStyle = "";
				INFOPLIST_KEY_UISupportedInterfaceOrientations = "UIInterfaceOrientationLandscapeLeft UIInterfaceOrientationLandscapeRight UIInterfaceOrientationPortrait";
				INFOPLIST_KEY_UISupportedInterfaceOrientations_iPad = "UIInterfaceOrientationLandscapeLeft UIInterfaceOrientationLandscapeRight UIInterfaceOrientationPortrait UIInterfaceOrientationPortraitUpsideDown";
				IPHONEOS_DEPLOYMENT_TARGET = 17.4;
				LD_RUNPATH_SEARCH_PATHS = (
					"$(inherited)",
					"@executable_path/Frameworks",
				);
				MARKETING_VERSION = 0.4.1;
				PRODUCT_BUNDLE_IDENTIFIER = br.com.mellobirkan.EvenBetter;
				PRODUCT_NAME = "$(TARGET_NAME)";
				SWIFT_EMIT_LOC_STRINGS = YES;
				SWIFT_VERSION = 5.0;
				TARGETED_DEVICE_FAMILY = "1,2";
			};
			name = Release;
		};
/* End XCBuildConfiguration section */

/* Begin XCConfigurationList section */
		1B04BEA92BC5B47100E1EE79 /* Build configuration list for PBXProject "EvenBetter" */ = {
			isa = XCConfigurationList;
			buildConfigurations = (
				1B04BEBA2BC5B47300E1EE79 /* Debug */,
				1B04BEBB2BC5B47300E1EE79 /* Release */,
			);
			defaultConfigurationIsVisible = 0;
			defaultConfigurationName = Release;
		};
		1B04BEBC2BC5B47300E1EE79 /* Build configuration list for PBXNativeTarget "EvenBetter" */ = {
			isa = XCConfigurationList;
			buildConfigurations = (
				1B04BEBD2BC5B47300E1EE79 /* Debug */,
				1B04BEBE2BC5B47300E1EE79 /* Release */,
			);
			defaultConfigurationIsVisible = 0;
			defaultConfigurationName = Release;
		};
/* End XCConfigurationList section */
	};
	rootObject = 1B04BEA62BC5B47100E1EE79 /* Project object */;
}
